
Microsoft Visual Studio Solution File, Format Version 12.00
# Visual Studio Version 17
VisualStudioVersion = 17.7.34009.444
MinimumVisualStudioVersion = 10.0.40219.1
Project("{FAE04EC0-301F-11D3-BF4B-00C04F79EFBC}") = "ADO", "ADO.csproj", "{DE539DC0-1D87-4CA2-B01E-40CB07911A08}"
EndProject
Global
	GlobalSection(SolutionConfigurationPlatforms) = preSolution
		Debug|Any CPU = Debug|Any CPU
		Release|Any CPU = Release|Any CPU
	EndGlobalSection
	GlobalSection(ProjectConfigurationPlatforms) = postSolution
		{DE539DC0-1D87-4CA2-B01E-40CB07911A08}.Debug|Any CPU.ActiveCfg = Debug|Any CPU
		{DE539DC0-1D87-4CA2-B01E-40CB07911A08}.Debug|Any CPU.Build.0 = Debug|Any CPU
		{DE539DC0-1D87-4CA2-B01E-40CB07911A08}.Release|Any CPU.ActiveCfg = Release|Any CPU
		{DE539DC0-1D87-4CA2-B01E-40CB07911A08}.Release|Any CPU.Build.0 = Release|Any CPU
	EndGlobalSection
	GlobalSection(SolutionProperties) = preSolution
		HideSolutionNode = FALSE
	EndGlobalSection
	GlobalSection(ExtensibilityGlobals) = postSolution
		SolutionGuid = {21FEB9E7-E2A6-42A7-9F35-0748F043A843}
	EndGlobalSection
EndGlobal
